
Microsoft Visual Studio Solution File, Format Version 12.00
# Visual Studio Version 16
VisualStudioVersion = 16.0.30011.22
MinimumVisualStudioVersion = 10.0.40219.1
Project("{FAE04EC0-301F-11D3-BF4B-00C04F79EFBC}") = "Interface", "UniversalCalculator\Interface.csproj", "{EA38AFCD-8735-4EEC-9ADE-DF037C816EEA}"
EndProject
Project("{FAE04EC0-301F-11D3-BF4B-00C04F79EFBC}") = "ClassLibrary", "ClassLibrary\ClassLibrary.csproj", "{34B02F95-3FA7-4AF4-8B6B-3C5E8664C04E}"
EndProject
Global
	GlobalSection(SolutionConfigurationPlatforms) = preSolution
		Debug|Any CPU = Debug|Any CPU
		Release|Any CPU = Release|Any CPU
	EndGlobalSection
	GlobalSection(ProjectConfigurationPlatforms) = postSolution
		{EA38AFCD-8735-4EEC-9ADE-DF037C816EEA}.Debug|Any CPU.ActiveCfg = Debug|Any CPU
		{EA38AFCD-8735-4EEC-9ADE-DF037C816EEA}.Debug|Any CPU.Build.0 = Debug|Any CPU
		{EA38AFCD-8735-4EEC-9ADE-DF037C816EEA}.Release|Any CPU.ActiveCfg = Release|Any CPU
		{EA38AFCD-8735-4EEC-9ADE-DF037C816EEA}.Release|Any CPU.Build.0 = Release|Any CPU
		{34B02F95-3FA7-4AF4-8B6B-3C5E8664C04E}.Debug|Any CPU.ActiveCfg = Debug|Any CPU
		{34B02F95-3FA7-4AF4-8B6B-3C5E8664C04E}.Debug|Any CPU.Build.0 = Debug|Any CPU
		{34B02F95-3FA7-4AF4-8B6B-3C5E8664C04E}.Release|Any CPU.ActiveCfg = Release|Any CPU
		{34B02F95-3FA7-4AF4-8B6B-3C5E8664C04E}.Release|Any CPU.Build.0 = Release|Any CPU
	EndGlobalSection
	GlobalSection(SolutionProperties) = preSolution
		HideSolutionNode = FALSE
	EndGlobalSection
	GlobalSection(ExtensibilityGlobals) = postSolution
		SolutionGuid = {5543C3DD-0348-4415-A875-843D15D4FABE}
	EndGlobalSection
EndGlobal
